<?xml version="1.0" encoding="utf-8"?>
<Project ToolsVersion="4.0" xmlns="http://schemas.microsoft.com/developer/msbuild/2003">
  <ItemGroup>
    <Filter Include="Source Files">
      <UniqueIdentifier>{4FC737F1-C7A5-4376-A066-2A32D752A2FF}</UniqueIdentifier>
      <Extensions>cpp;c;cc;cxx;def;odl;idl;hpj;bat;asm;asmx</Extensions>
    </Filter>
    <Filter Include="Header Files">
      <UniqueIdentifier>{93995380-89BD-4b04-88EB-625FBE52EBFB}</UniqueIdentifier>
      <Extensions>h;hh;hpp;hxx;hm;inl;inc;ipp;xsd</Extensions>
    </Filter>
    <Filter Include="Resource Files">
      <UniqueIdentifier>{67DA6AB6-F800-4c08-8B7A-83BB121AAD01}</UniqueIdentifier>
      <Extensions>rc;ico;cur;bmp;dlg;rc2;rct;bin;rgs;gif;jpg;jpeg;jpe;resx;tiff;tif;png;wav;mfcribbon-ms</Extensions>
    </Filter>
  </ItemGroup>
  <ItemGroup>
    <ClCompile Include="cJSON.c">
      <Filter>Source Files</Filter>
    </ClCompile>
    <ClCompile Include="dev_sign_mqtt.c">
      <Filter>Source Files</Filter>
    </ClCompile>
    <ClCompile Include="dm_api.c">
      <Filter>Source Files</Filter>
    </ClCompile>
    <ClCompile Include="dm_client.c">
      <Filter>Source Files</Filter>
    </ClCompile>
    <ClCompile Include="dm_client_adapter.c">
      <Filter>Source Files</Filter>
    </ClCompile>
    <ClCompile Include="dm_cota.c">
      <Filter>Source Files</Filter>
    </ClCompile>
    <ClCompile Include="dm_fota.c">
      <Filter>Source Files</Filter>
    </ClCompile>
    <ClCompile Include="dm_ipc.c">
      <Filter>Source Files</Filter>
    </ClCompile>
    <ClCompile Include="dm_log_report.c">
      <Filter>Source Files</Filter>
    </ClCompile>
    <ClCompile Include="dm_manager.c">
      <Filter>Source Files</Filter>
    </ClCompile>
    <ClCompile Include="dm_message.c">
      <Filter>Source Files</Filter>
    </ClCompile>
    <ClCompile Include="dm_message_cache.c">
      <Filter>Source Files</Filter>
    </ClCompile>
    <ClCompile Include="dm_msg_process.c">
      <Filter>Source Files</Filter>
    </ClCompile>
    <ClCompile Include="dm_opt.c">
      <Filter>Source Files</Filter>
    </ClCompile>
    <ClCompile Include="dm_ota.c">
      <Filter>Source Files</Filter>
    </ClCompile>
    <ClCompile Include="dm_server.c">
      <Filter>Source Files</Filter>
    </ClCompile>
    <ClCompile Include="dm_server_adapter.c">
      <Filter>Source Files</Filter>
    </ClCompile>
    <ClCompile Include="dm_shadow.c">
      <Filter>Source Files</Filter>
    </ClCompile>
    <ClCompile Include="dm_tsl_alink.c">
      <Filter>Source Files</Filter>
    </ClCompile>
    <ClCompile Include="dm_utils.c">
      <Filter>Source Files</Filter>
    </ClCompile>
    <ClCompile Include="impl_linkkit.c">
      <Filter>Source Files</Filter>
    </ClCompile>
    <ClCompile Include="infra_cjson.c">
      <Filter>Source Files</Filter>
    </ClCompile>
    <ClCompile Include="infra_compat.c">
      <Filter>Source Files</Filter>
    </ClCompile>
    <ClCompile Include="infra_defs.c">
      <Filter>Source Files</Filter>
    </ClCompile>
    <ClCompile Include="infra_log.c">
      <Filter>Source Files</Filter>
    </ClCompile>
    <ClCompile Include="infra_net.c">
      <Filter>Source Files</Filter>
    </ClCompile>
    <ClCompile Include="infra_prt_nwk_payload.c">
      <Filter>Source Files</Filter>
    </ClCompile>
    <ClCompile Include="infra_report.c">
      <Filter>Source Files</Filter>
    </ClCompile>
    <ClCompile Include="infra_sha256.c">
      <Filter>Source Files</Filter>
    </ClCompile>
    <ClCompile Include="infra_string.c">
      <Filter>Source Files</Filter>
    </ClCompile>
    <ClCompile Include="infra_timer.c">
      <Filter>Source Files</Filter>
    </ClCompile>
    <ClCompile Include="iotx_cm.c">
      <Filter>Source Files</Filter>
    </ClCompile>
    <ClCompile Include="iotx_cm_coap.c">
      <Filter>Source Files</Filter>
    </ClCompile>
    <ClCompile Include="iotx_cm_mqtt.c">
      <Filter>Source Files</Filter>
    </ClCompile>
    <ClCompile Include="iotx_mqtt_client.c">
      <Filter>Source Files</Filter>
    </ClCompile>
    <ClCompile Include="mqtt_api.c">
      <Filter>Source Files</Filter>
    </ClCompile>
    <ClCompile Include="MQTTConnectClient.c">
      <Filter>Source Files</Filter>
    </ClCompile>
    <ClCompile Include="MQTTDeserializePublish.c">
      <Filter>Source Files</Filter>
    </ClCompile>
    <ClCompile Include="MQTTPacket.c">
      <Filter>Source Files</Filter>
    </ClCompile>
    <ClCompile Include="MQTTSerializePublish.c">
      <Filter>Source Files</Filter>
    </ClCompile>
    <ClCompile Include="MQTTSubscribeClient.c">
      <Filter>Source Files</Filter>
    </ClCompile>
    <ClCompile Include="MQTTUnsubscribeClient.c">
      <Filter>Source Files</Filter>
    </ClCompile>
    <ClCompile Include="root_ca.c">
      <Filter>Source Files</Filter>
    </ClCompile>
    <ClCompile Include="wrapper.c">
      <Filter>Source Files</Filter>
    </ClCompile>
  </ItemGroup>
  <ItemGroup>
    <ClInclude Include="cJSON.h">
      <Filter>Header Files</Filter>
    </ClInclude>
    <ClInclude Include="dev_model_api.h">
      <Filter>Header Files</Filter>
    </ClInclude>
    <ClInclude Include="dev_sign_api.h">
      <Filter>Header Files</Filter>
    </ClInclude>
    <ClInclude Include="dev_sign_config.h">
      <Filter>Header Files</Filter>
    </ClInclude>
    <ClInclude Include="dev_sign_internal.h">
      <Filter>Header Files</Filter>
    </ClInclude>
    <ClInclude Include="dev_sign_wrapper.h">
      <Filter>Header Files</Filter>
    </ClInclude>
    <ClInclude Include="dm_client.h">
      <Filter>Header Files</Filter>
    </ClInclude>
    <ClInclude Include="dm_client_adapter.h">
      <Filter>Header Files</Filter>
    </ClInclude>
    <ClInclude Include="dm_cota.h">
      <Filter>Header Files</Filter>
    </ClInclude>
    <ClInclude Include="dm_fota.h">
      <Filter>Header Files</Filter>
    </ClInclude>
    <ClInclude Include="dm_intf.h">
      <Filter>Header Files</Filter>
    </ClInclude>
    <ClInclude Include="dm_ipc.h">
      <Filter>Header Files</Filter>
    </ClInclude>
    <ClInclude Include="dm_manager.h">
      <Filter>Header Files</Filter>
    </ClInclude>
    <ClInclude Include="dm_message.h">
      <Filter>Header Files</Filter>
    </ClInclude>
    <ClInclude Include="dm_message_cache.h">
      <Filter>Header Files</Filter>
    </ClInclude>
    <ClInclude Include="dm_msg_process.h">
      <Filter>Header Files</Filter>
    </ClInclude>
    <ClInclude Include="dm_opt.h">
      <Filter>Header Files</Filter>
    </ClInclude>
    <ClInclude Include="dm_ota.h">
      <Filter>Header Files</Filter>
    </ClInclude>
    <ClInclude Include="dm_server.h">
      <Filter>Header Files</Filter>
    </ClInclude>
    <ClInclude Include="dm_server_adapter.h">
      <Filter>Header Files</Filter>
    </ClInclude>
    <ClInclude Include="dm_shadow.h">
      <Filter>Header Files</Filter>
    </ClInclude>
    <ClInclude Include="dm_tsl_alink.h">
      <Filter>Header Files</Filter>
    </ClInclude>
    <ClInclude Include="dm_utils.h">
      <Filter>Header Files</Filter>
    </ClInclude>
    <ClInclude Include="dm_wrapper.h">
      <Filter>Header Files</Filter>
    </ClInclude>
    <ClInclude Include="infra_cjson.h">
      <Filter>Header Files</Filter>
    </ClInclude>
    <ClInclude Include="infra_compat.h">
      <Filter>Header Files</Filter>
    </ClInclude>
    <ClInclude Include="infra_config.h">
      <Filter>Header Files</Filter>
    </ClInclude>
    <ClInclude Include="infra_defs.h">
      <Filter>Header Files</Filter>
    </ClInclude>
    <ClInclude Include="infra_list.h">
      <Filter>Header Files</Filter>
    </ClInclude>
    <ClInclude Include="infra_log.h">
      <Filter>Header Files</Filter>
    </ClInclude>
    <ClInclude Include="infra_net.h">
      <Filter>Header Files</Filter>
    </ClInclude>
    <ClInclude Include="infra_report.h">
      <Filter>Header Files</Filter>
    </ClInclude>
    <ClInclude Include="infra_sha256.h">
      <Filter>Header Files</Filter>
    </ClInclude>
    <ClInclude Include="infra_string.h">
      <Filter>Header Files</Filter>
    </ClInclude>
    <ClInclude Include="infra_timer.h">
      <Filter>Header Files</Filter>
    </ClInclude>
    <ClInclude Include="infra_types.h">
      <Filter>Header Files</Filter>
    </ClInclude>
    <ClInclude Include="iotx_cm.h">
      <Filter>Header Files</Filter>
    </ClInclude>
    <ClInclude Include="iotx_cm_coap.h">
      <Filter>Header Files</Filter>
    </ClInclude>
    <ClInclude Include="iotx_cm_internal.h">
      <Filter>Header Files</Filter>
    </ClInclude>
    <ClInclude Include="iotx_cm_mqtt.h">
      <Filter>Header Files</Filter>
    </ClInclude>
    <ClInclude Include="iotx_dm.h">
      <Filter>Header Files</Filter>
    </ClInclude>
    <ClInclude Include="iotx_dm_config.h">
      <Filter>Header Files</Filter>
    </ClInclude>
    <ClInclude Include="iotx_dm_internal.h">
      <Filter>Header Files</Filter>
    </ClInclude>
    <ClInclude Include="iotx_log_report.h">
      <Filter>Header Files</Filter>
    </ClInclude>
    <ClInclude Include="iotx_mqtt_client.h">
      <Filter>Header Files</Filter>
    </ClInclude>
    <ClInclude Include="iotx_mqtt_config.h">
      <Filter>Header Files</Filter>
    </ClInclude>
    <ClInclude Include="mqtt_api.h">
      <Filter>Header Files</Filter>
    </ClInclude>
    <ClInclude Include="mqtt_internal.h">
      <Filter>Header Files</Filter>
    </ClInclude>
    <ClInclude Include="mqtt_wrapper.h">
      <Filter>Header Files</Filter>
    </ClInclude>
    <ClInclude Include="MQTTConnect.h">
      <Filter>Header Files</Filter>
    </ClInclude>
    <ClInclude Include="MQTTPacket.h">
      <Filter>Header Files</Filter>
    </ClInclude>
    <ClInclude Include="MQTTPublish.h">
      <Filter>Header Files</Filter>
    </ClInclude>
    <ClInclude Include="MQTTSubscribe.h">
      <Filter>Header Files</Filter>
    </ClInclude>
    <ClInclude Include="MQTTUnsubscribe.h">
      <Filter>Header Files</Filter>
    </ClInclude>
    <ClInclude Include="wrappers_defs.h">
      <Filter>Header Files</Filter>
    </ClInclude>
    <ClInclude Include="wrapper.h">
      <Filter>Header Files</Filter>
    </ClInclude>
  </ItemGroup>
</Project>